<?xml version="1.0" encoding="utf-8"?>
<Project ToolsVersion="4.0" xmlns="http://schemas.microsoft.com/developer/msbuild/2003">
  <ItemGroup>
    <Filter Include="Source Files">
      <UniqueIdentifier>{4FC737F1-C7A5-4376-A066-2A32D752A2FF}</UniqueIdentifier>
      <Extensions>cpp;c;cc;cxx;c++;cppm;ixx;def;odl;idl;hpj;bat;asm;asmx</Extensions>
    </Filter>
    <Filter Include="Header Files">
      <UniqueIdentifier>{93995380-89BD-4b04-88EB-625FBE52EBFB}</UniqueIdentifier>
      <Extensions>h;hh;hpp;hxx;h++;hm;inl;inc;ipp;xsd</Extensions>
    </Filter>
    <Filter Include="Resource Files">
      <UniqueIdentifier>{67DA6AB6-F800-4c08-8B7A-83BB121AAD01}</UniqueIdentifier>
      <Extensions>rc;ico;cur;bmp;dlg;rc2;rct;bin;rgs;gif;jpg;jpeg;jpe;resx;tiff;tif;png;wav;mfcribbon-ms</Extensions>
    </Filter>
    <Filter Include="Header Files\Crossover">
      <UniqueIdentifier>{89372f8a-7547-46e0-aaf1-7ccc2747a0bc}</UniqueIdentifier>
    </Filter>
    <Filter Include="Header Files\Mutation">
      <UniqueIdentifier>{7ef5a000-11b7-41e7-b54a-f7eeca2bdcf1}</UniqueIdentifier>
    </Filter>
    <Filter Include="Source Files\Crossover">
      <UniqueIdentifier>{c8526cd8-c7b2-4411-976f-8a97a995a663}</UniqueIdentifier>
    </Filter>
    <Filter Include="Source Files\Mutation">
      <UniqueIdentifier>{8cbbe3fa-1808-4104-9b89-6a1c85e82d2f}</UniqueIdentifier>
    </Filter>
    <Filter Include="Header Files\Filter">
      <UniqueIdentifier>{cfb8a633-dc2c-49cd-aa23-3f18d5155ab4}</UniqueIdentifier>
    </Filter>
  </ItemGroup>
  <ItemGroup>
    <ClInclude Include="HoistMutation.h">
      <Filter>Header Files\Mutation</Filter>
    </ClInclude>
    <ClInclude Include="NodeFilterDefines.h">
      <Filter>Header Files\Filter</Filter>
    </ClInclude>
    <ClInclude Include="NodeReplaceMutation.h">
      <Filter>Header Files\Mutation</Filter>
    </ClInclude>
    <ClInclude Include="ShrinkMutatation.h">
      <Filter>Header Files\Mutation</Filter>
    </ClInclude>
    <ClInclude Include="SwapMutation.h">
      <Filter>Header Files\Mutation</Filter>
    </ClInclude>
    <ClInclude Include="OnePointCrossover.h">
      <Filter>Header Files\Crossover</Filter>
    </ClInclude>
    <ClInclude Include="UniformCrossover.h">
      <Filter>Header Files\Crossover</Filter>
    </ClInclude>
    <ClInclude Include="TerminalMutation.h">
      <Filter>Header Files\Mutation</Filter>
    </ClInclude>
    <ClInclude Include="ConstMutation.h">
      <Filter>Header Files\Mutation</Filter>
    </ClInclude>
    <ClInclude Include="ScaleMutation.h">
      <Filter>Header Files\Mutation</Filter>
    </ClInclude>
    <ClInclude Include="BackPropagationMutation.h">
      <Filter>Header Files\Mutation</Filter>
    </ClInclude>
  </ItemGroup>
  <ItemGroup>
    <ClCompile Include="HoistMutation.cpp">
      <Filter>Source Files\Mutation</Filter>
    </ClCompile>
    <ClCompile Include="NodeReplaceMutation.cpp">
      <Filter>Source Files\Mutation</Filter>
    </ClCompile>
    <ClCompile Include="OnePointCrossover.cpp">
      <Filter>Source Files\Crossover</Filter>
    </ClCompile>
    <ClCompile Include="ShrinkMutatation.cpp">
      <Filter>Source Files\Mutation</Filter>
    </ClCompile>
    <ClCompile Include="SwapMutation.cpp">
      <Filter>Source Files\Mutation</Filter>
    </ClCompile>
    <ClCompile Include="TerminalMutation.cpp">
      <Filter>Source Files\Mutation</Filter>
    </ClCompile>
    <ClCompile Include="UniformCrossover.cpp">
      <Filter>Source Files\Crossover</Filter>
    </ClCompile>
    <ClCompile Include="ConstMutation.cpp">
      <Filter>Source Files\Mutation</Filter>
    </ClCompile>
    <ClCompile Include="ScaleMutation.cpp">
      <Filter>Source Files\Mutation</Filter>
    </ClCompile>
    <ClCompile Include="BackPropagationMutation.cpp">
      <Filter>Source Files\Mutation</Filter>
    </ClCompile>
  </ItemGroup>
</Project>